{
  "version": 1,
  "dependencies": {
    ".NETCoreApp,Version=v2.2": {
      "Microsoft.NETCore.App": {
        "type": "Direct",
        "requested": "[2.2.0, )",
        "resolved": "2.2.0",
        "contentHash": "QU8taCyeyePwatrj+h+750lMnsPCq3YPaGmsdtSHXPCjDyjto2KT7QDNVet0oRliX4PjaINpyg0Yzd9DnQ/Wkw==",
        "dependencies": {
          "Microsoft.NETCore.DotNetHostPolicy": "2.2.0",
          "Microsoft.NETCore.Platforms": "2.2.0",
          "Microsoft.NETCore.Targets": "2.0.0",
          "NETStandard.Library": "2.0.3"
        }
      },
      "Newtonsoft.Json": {
        "type": "Direct",
        "requested": "[12.0.1, )",
        "resolved": "12.0.1",
        "contentHash": "jmVyoEyk0In8r+AObYQyFKVFm7uSRzE0XSHSbEtBJcZDMV6DqJoyB4FLcHwprPVhAh826so0db3DIKXVnpGoPA=="
      },
      "Microsoft.NETCore.DotNetAppHost": {
        "type": "Transitive",
        "resolved": "2.2.0",
        "contentHash": "OK/H8p9Ig6mLMITjXJ4VOewrJg/TU+dAPHE4BdMWMv+8COzBehf7XF1+DofKkmqdHpO2cJoS5Sc9PEZ6PKCbsg=="
      },
      "Microsoft.NETCore.DotNetHostPolicy": {
        "type": "Transitive",
        "resolved": "2.2.0",
        "contentHash": "5Xvh/3bDr6YAl6TKfeONvRDZ9QOmvVmzFzA0M6g8uubWdf5/o6qdVOqByFBT/fhjVb6okP0E5+v1oxh1Pk+c+w==",
        "dependencies": {
          "Microsoft.NETCore.DotNetHostResolver": "2.2.0"
        }
      },
      "Microsoft.NETCore.DotNetHostResolver": {
        "type": "Transitive",
        "resolved": "2.2.0",
        "contentHash": "Q3j3KC2ugqIVasf7pO4NRDEn7GysZX3ZH6fAHfbjrP8cYXY9cmHeFcbaniw36q8kFhsPt2EnRHzSsLBpbG6l2Q==",
        "dependencies": {
          "Microsoft.NETCore.DotNetAppHost": "2.2.0"
        }
      },
      "Microsoft.NETCore.Platforms": {
        "type": "Transitive",
        "resolved": "2.2.0",
        "contentHash": "39+GVHdbm+cmoOjdvm+fhiMbddnuVyUlBdYS8Yhn5xsNaBoTXpgBsxQQlI2Sv9EjIP0F+itG6yrDaOM2OEGupQ=="
      },
      "Microsoft.NETCore.Targets": {
        "type": "Transitive",
        "resolved": "2.0.0",
        "contentHash": "odP/tJj1z6GylFpNo7pMtbd/xQgTC3Ex2If63dRTL38bBNMwsBnJ+RceUIyHdRBC0oik/3NehYT+oECwBhIM3Q=="
      },
      "NETStandard.Library": {
        "type": "Transitive",
        "resolved": "2.0.3",
        "contentHash": "st47PosZSHrjECdjeIzZQbzivYBJFv6P2nv4cj2ypdI204DO+vZ7l5raGMiX4eXMJ53RfOIg+/s4DHVZ54Nu2A==",
        "dependencies": {
          "Microsoft.NETCore.Platforms": "1.1.0"
        }
      }
    }
  }
}